{
  "nodes": {
    "aquaris": {
      "inputs": {
        "flake-utils": "flake-utils",
        "home-manager": [
          "home-manager"
        ],
        "nixpkgs": [
          "nixpkgs"
        ],
        "obscura": [
          "obscura"
        ]
      },
      "locked": {
        "lastModified": 1725035543,
        "narHash": "sha256-uHWjru8oalEr2IucCs1QYtEnc9dVdVALdSiHIAELa7E=",
        "owner": "42loco42",
        "repo": "aquaris",
        "rev": "2ae0d39d56349aac4e389ee2f3f2b602673bae8e",
        "type": "github"
      },
      "original": {
        "owner": "42loco42",
        "repo": "aquaris",
        "type": "github"
      }
    },
    "flake-utils": {
      "inputs": {
        "systems": "systems"
      },
      "locked": {
        "lastModified": 1710146030,
        "narHash": "sha256-SZ5L6eA7HJ/nmkzGG7/ISclqe6oZdOZTNoesiInkXPQ=",
        "owner": "numtide",
        "repo": "flake-utils",
        "rev": "b1d9ab70662946ef0850d488da1c9019f3a9752a",
        "type": "github"
      },
      "original": {
        "owner": "numtide",
        "repo": "flake-utils",
        "type": "github"
      }
    },
    "home-manager": {
      "inputs": {
        "nixpkgs": [
          "nixpkgs"
        ]
      },
      "locked": {
        "lastModified": 1720042825,
        "narHash": "sha256-A0vrUB6x82/jvf17qPCpxaM+ulJnD8YZwH9Ci0BsAzE=",
        "owner": "nix-community",
        "repo": "home-manager",
        "rev": "e1391fb22e18a36f57e6999c7a9f966dc80ac073",
        "type": "github"
      },
      "original": {
        "owner": "nix-community",
        "ref": "release-24.05",
        "repo": "home-manager",
        "type": "github"
      }
    },
    "nix-github-actions": {
      "inputs": {
        "nixpkgs": [
          "obscura",
          "nixpkgs"
        ]
      },
      "locked": {
        "lastModified": 1720066371,
        "narHash": "sha256-uPlLYH2S0ACj0IcgaK9Lsf4spmJoGejR9DotXiXSBZQ=",
        "owner": "nix-community",
        "repo": "nix-github-actions",
        "rev": "622f829f5fe69310a866c8a6cd07e747c44ef820",
        "type": "github"
      },
      "original": {
        "owner": "nix-community",
        "repo": "nix-github-actions",
        "type": "github"
      }
    },
    "nixpkgs": {
      "locked": {
        "lastModified": 1724855419,
        "narHash": "sha256-WXHSyOF4nBX0cvHN3DfmEMcLOVdKH6tnMk9FQ8wTNRc=",
        "owner": "nixos",
        "repo": "nixpkgs",
        "rev": "ae2fc9e0e42caaf3f068c1bfdc11c71734125e06",
        "type": "github"
      },
      "original": {
        "owner": "nixos",
        "ref": "nixos-24.05",
        "repo": "nixpkgs",
        "type": "github"
      }
    },
    "nixpkgs_2": {
      "locked": {
        "lastModified": 1724840184,
        "narHash": "sha256-RXftd9nVNpCKHEaiMhAWiZo3U/SEdRPF0zD7s7u50Oc=",
        "owner": "nixos",
        "repo": "nixpkgs",
        "rev": "4f9cb71da3ec4f76fd406a0d87a1db491eda6870",
        "type": "github"
      },
      "original": {
        "owner": "nixos",
        "ref": "nixpkgs-unstable",
        "repo": "nixpkgs",
        "type": "github"
      }
    },
    "nur": {
      "locked": {
        "lastModified": 1725062280,
        "narHash": "sha256-pHAPZ+pcqU/jm+wvef6lktQ9nWUZxVdd6XMOpqd0ZM0=",
        "owner": "nix-community",
        "repo": "nur",
        "rev": "1c1cd24e7f2f10dd5a83af762639f7110c78e978",
        "type": "github"
      },
      "original": {
        "owner": "nix-community",
        "repo": "nur",
        "type": "github"
      }
    },
    "obscura": {
      "inputs": {
        "nix-github-actions": "nix-github-actions",
        "nixpkgs": "nixpkgs_2"
      },
      "locked": {
        "lastModified": 1724979892,
        "narHash": "sha256-H/N4cdmLk/S/44u3zE6Sw1hlpHmjjsHWnhIrRQa6nE8=",
        "owner": "42loco42",
        "repo": "obscura",
        "rev": "7ec0e816e843270c6d5d3c00c090ac5d7e4e0c3f",
        "type": "github"
      },
      "original": {
        "owner": "42loco42",
        "repo": "obscura",
        "type": "github"
      }
    },
    "root": {
      "inputs": {
        "aquaris": "aquaris",
        "home-manager": "home-manager",
        "nixpkgs": "nixpkgs",
        "nur": "nur",
        "obscura": "obscura"
      }
    },
    "systems": {
      "locked": {
        "lastModified": 1681028828,
        "narHash": "sha256-Vy1rq5AaRuLzOxct8nz4T6wlgyUR7zLU309k9mBC768=",
        "owner": "nix-systems",
        "repo": "default",
        "rev": "da67096a3b9bf56a91d16901293e51ba5b49a27e",
        "type": "github"
      },
      "original": {
        "owner": "nix-systems",
        "repo": "default",
        "type": "github"
      }
    }
  },
  "root": "root",
  "version": 7
}
